
Microsoft Visual Studio Solution File, Format Version 12.00
# Visual Studio 14
VisualStudioVersion = 14.0.25420.1
MinimumVisualStudioVersion = 10.0.40219.1
Project("{2150E333-8FDC-42A3-9474-1A3956D46DE8}") = "src", "src", "{725E4D60-B280-445A-92B0-0E204163001C}"
EndProject
Project("{2150E333-8FDC-42A3-9474-1A3956D46DE8}") = "Solution Items", "Solution Items", "{F6EEC71E-C1F8-4DAE-B07F-5BF2C5ABE99E}"
	ProjectSection(SolutionItems) = preProject
		global.json = global.json
	EndProjectSection
EndProject
Project("{8BB2217D-0F2D-49D1-97BC-3654ED321F3B}") = "EFGetStarted.AspNetCore.ExistingDb", "src\EFGetStarted.AspNetCore.ExistingDb\EFGetStarted.AspNetCore.ExistingDb.xproj", "{5EB8A344-9B90-453E-8BF9-B5EDF11F70A5}"
EndProject
Global
	GlobalSection(SolutionConfigurationPlatforms) = preSolution
		Debug|Any CPU = Debug|Any CPU
		Release|Any CPU = Release|Any CPU
	EndGlobalSection
	GlobalSection(ProjectConfigurationPlatforms) = postSolution
		{5EB8A344-9B90-453E-8BF9-B5EDF11F70A5}.Debug|Any CPU.ActiveCfg = Debug|Any CPU
		{5EB8A344-9B90-453E-8BF9-B5EDF11F70A5}.Debug|Any CPU.Build.0 = Debug|Any CPU
		{5EB8A344-9B90-453E-8BF9-B5EDF11F70A5}.Release|Any CPU.ActiveCfg = Release|Any CPU
		{5EB8A344-9B90-453E-8BF9-B5EDF11F70A5}.Release|Any CPU.Build.0 = Release|Any CPU
	EndGlobalSection
	GlobalSection(SolutionProperties) = preSolution
		HideSolutionNode = FALSE
	EndGlobalSection
	GlobalSection(NestedProjects) = preSolution
		{5EB8A344-9B90-453E-8BF9-B5EDF11F70A5} = {725E4D60-B280-445A-92B0-0E204163001C}
	EndGlobalSection
EndGlobal
